
Microsoft Visual Studio Solution File, Format Version 12.00
# Visual Studio Version 17
VisualStudioVersion = 17.6.33829.357
MinimumVisualStudioVersion = 10.0.40219.1
Project("{FAE04EC0-301F-11D3-BF4B-00C04F79EFBC}") = "Compression", "Compression\Compression.csproj", "{86F36305-B029-4301-B192-E86343CCA299}"
EndProject
Project("{9A19103F-16F7-4668-BE54-9A1E7A4F7556}") = "Launcher", "Launcher\Launcher.csproj", "{3FF2E17C-5C1D-4F61-A43A-063EF1846946}"
EndProject
Global
	GlobalSection(SolutionConfigurationPlatforms) = preSolution
		Debug|Any CPU = Debug|Any CPU
		Release|Any CPU = Release|Any CPU
	EndGlobalSection
	GlobalSection(ProjectConfigurationPlatforms) = postSolution
		{86F36305-B029-4301-B192-E86343CCA299}.Debug|Any CPU.ActiveCfg = Debug|Any CPU
		{86F36305-B029-4301-B192-E86343CCA299}.Debug|Any CPU.Build.0 = Debug|Any CPU
		{86F36305-B029-4301-B192-E86343CCA299}.Release|Any CPU.ActiveCfg = Release|Any CPU
		{86F36305-B029-4301-B192-E86343CCA299}.Release|Any CPU.Build.0 = Release|Any CPU
		{3FF2E17C-5C1D-4F61-A43A-063EF1846946}.Debug|Any CPU.ActiveCfg = Debug|Any CPU
		{3FF2E17C-5C1D-4F61-A43A-063EF1846946}.Debug|Any CPU.Build.0 = Debug|Any CPU
		{3FF2E17C-5C1D-4F61-A43A-063EF1846946}.Release|Any CPU.ActiveCfg = Release|Any CPU
		{3FF2E17C-5C1D-4F61-A43A-063EF1846946}.Release|Any CPU.Build.0 = Release|Any CPU
	EndGlobalSection
	GlobalSection(SolutionProperties) = preSolution
		HideSolutionNode = FALSE
	EndGlobalSection
	GlobalSection(ExtensibilityGlobals) = postSolution
		SolutionGuid = {3A243942-3443-4116-9897-99F4865C3FAC}
	EndGlobalSection
EndGlobal
